
Microsoft Visual Studio Solution File, Format Version 12.00
# Visual Studio 15
VisualStudioVersion = 15.0.28307.421
MinimumVisualStudioVersion = 10.0.40219.1
Project("{2150E333-8FDC-42A3-9474-1A3956D46DE8}") = "0_thirdparty", "0_thirdparty", "{0C51E240-1BBB-4B5F-8D09-7A3B05029FCC}"
EndProject
Project("{8BC9CEB8-8B4A-11D0-8D11-00A0C91BC942}") = "libmp3lame", "thirdparty\lame-3.100\libmp3lame\libmp3lame.vcxproj", "{20536101-3B0E-43EF-94F9-080D595DAC57}"
EndProject
Project("{8BC9CEB8-8B4A-11D0-8D11-00A0C91BC942}") = "libmpg", "thirdparty\lame-3.100\mpglib\libmpg.vcxproj", "{E2DAB91A-8248-4625-8A85-2C2C2A390DD8}"
EndProject
Project("{8BC9CEB8-8B4A-11D0-8D11-00A0C91BC942}") = "mp3lame", "thirdparty\lame-3.100\libmp3lame\mp3lame.vcxproj", "{92BD50AA-04D6-4FBF-ACE1-468FAF6778F2}"
	ProjectSection(ProjectDependencies) = postProject
		{E2DAB91A-8248-4625-8A85-2C2C2A390DD8} = {E2DAB91A-8248-4625-8A85-2C2C2A390DD8}
	EndProjectSection
EndProject
Project("{8BC9CEB8-8B4A-11D0-8D11-00A0C91BC942}") = "lame_enc", "thirdparty\lame-3.100\Dll\lame_enc.vcxproj", "{0E4820D3-DBE3-477A-910B-7C020D6066D1}"
	ProjectSection(ProjectDependencies) = postProject
		{20536101-3B0E-43EF-94F9-080D595DAC57} = {20536101-3B0E-43EF-94F9-080D595DAC57}
		{E2DAB91A-8248-4625-8A85-2C2C2A390DD8} = {E2DAB91A-8248-4625-8A85-2C2C2A390DD8}
	EndProjectSection
EndProject
Project("{8BC9CEB8-8B4A-11D0-8D11-00A0C91BC942}") = "lame_acm", "thirdparty\lame-3.100\ACM\lame_acm.vcxproj", "{FC3D65E7-B7CB-406E-B6C9-0B26E30FE7F4}"
EndProject
Project("{8BC9CEB8-8B4A-11D0-8D11-00A0C91BC942}") = "liblame_adbg", "thirdparty\lame-3.100\ACM\ADbg\liblame_adbg.vcxproj", "{A78DCBC4-077B-4884-A7F4-D9AF70EDB538}"
EndProject
Project("{8BC9CEB8-8B4A-11D0-8D11-00A0C91BC942}") = "libtinyxml", "thirdparty\tinyxml-2.6.1\libtinyxml.vcxproj", "{4CC86504-8DDD-3853-A402-F1E45D1924CB}"
EndProject
Project("{8BC9CEB8-8B4A-11D0-8D11-00A0C91BC942}") = "lame_dshow", "thirdparty\lame-3.100\dshow\lame_dshow.vcxproj", "{6D348A4E-8B40-4FB0-BB57-C982D51FFA01}"
EndProject
Project("{2150E333-8FDC-42A3-9474-1A3956D46DE8}") = "3_error", "3_error", "{32F3E5AC-7A8A-4D3F-9874-242BC83379FC}"
EndProject
Project("{2150E333-8FDC-42A3-9474-1A3956D46DE8}") = "0_lib", "0_lib", "{9DDB109B-7348-4EB2-AA27-9AF389ECC74C}"
EndProject
Project("{2150E333-8FDC-42A3-9474-1A3956D46DE8}") = "1_dll", "1_dll", "{CD79144E-5327-4092-AFF3-ADBC722FC6BB}"
EndProject
Project("{2150E333-8FDC-42A3-9474-1A3956D46DE8}") = "2_exe", "2_exe", "{43B91379-0300-4058-94B5-5201E05F53D2}"
EndProject
Project("{8BC9CEB8-8B4A-11D0-8D11-00A0C91BC942}") = "lame", "thirdparty\lame-3.100\frontend\lame.vcxproj", "{EEF5B49E-DBD1-4E1B-8B86-C5D64FCBAD38}"
EndProject
Project("{8BC9CEB8-8B4A-11D0-8D11-00A0C91BC942}") = "lame_mp3rtp", "thirdparty\lame-3.100\frontend\lame_mp3rtp.vcxproj", "{C04BA4EA-F719-456D-A332-6C3AF92D7BEA}"
EndProject
Project("{8BC9CEB8-8B4A-11D0-8D11-00A0C91BC942}") = "lame_mp3x", "thirdparty\lame-3.100\frontend\lame_mp3x.vcxproj", "{E745EB1A-070A-45ED-B8BD-D9F794E23CFA}"
EndProject
Project("{8BC9CEB8-8B4A-11D0-8D11-00A0C91BC942}") = "lame_enc_example", "thirdparty\lame-3.100\Dll\lame_enc_example.vcxproj", "{D169F06E-6607-4A9F-A075-2335717B9AB5}"
EndProject
Global
	GlobalSection(SolutionConfigurationPlatforms) = preSolution
		Debug|x64 = Debug|x64
		Release|x64 = Release|x64
	EndGlobalSection
	GlobalSection(ProjectConfigurationPlatforms) = postSolution
		{20536101-3B0E-43EF-94F9-080D595DAC57}.Debug|x64.ActiveCfg = Debug|x64
		{20536101-3B0E-43EF-94F9-080D595DAC57}.Debug|x64.Build.0 = Debug|x64
		{20536101-3B0E-43EF-94F9-080D595DAC57}.Release|x64.ActiveCfg = Release|x64
		{20536101-3B0E-43EF-94F9-080D595DAC57}.Release|x64.Build.0 = Release|x64
		{E2DAB91A-8248-4625-8A85-2C2C2A390DD8}.Debug|x64.ActiveCfg = Debug|x64
		{E2DAB91A-8248-4625-8A85-2C2C2A390DD8}.Debug|x64.Build.0 = Debug|x64
		{E2DAB91A-8248-4625-8A85-2C2C2A390DD8}.Release|x64.ActiveCfg = Release|x64
		{E2DAB91A-8248-4625-8A85-2C2C2A390DD8}.Release|x64.Build.0 = Release|x64
		{92BD50AA-04D6-4FBF-ACE1-468FAF6778F2}.Debug|x64.ActiveCfg = Debug|x64
		{92BD50AA-04D6-4FBF-ACE1-468FAF6778F2}.Debug|x64.Build.0 = Debug|x64
		{92BD50AA-04D6-4FBF-ACE1-468FAF6778F2}.Release|x64.ActiveCfg = Release|x64
		{92BD50AA-04D6-4FBF-ACE1-468FAF6778F2}.Release|x64.Build.0 = Release|x64
		{0E4820D3-DBE3-477A-910B-7C020D6066D1}.Debug|x64.ActiveCfg = Debug|x64
		{0E4820D3-DBE3-477A-910B-7C020D6066D1}.Debug|x64.Build.0 = Debug|x64
		{0E4820D3-DBE3-477A-910B-7C020D6066D1}.Release|x64.ActiveCfg = Release|x64
		{0E4820D3-DBE3-477A-910B-7C020D6066D1}.Release|x64.Build.0 = Release|x64
		{FC3D65E7-B7CB-406E-B6C9-0B26E30FE7F4}.Debug|x64.ActiveCfg = Debug|x64
		{FC3D65E7-B7CB-406E-B6C9-0B26E30FE7F4}.Debug|x64.Build.0 = Debug|x64
		{FC3D65E7-B7CB-406E-B6C9-0B26E30FE7F4}.Release|x64.ActiveCfg = Release|x64
		{FC3D65E7-B7CB-406E-B6C9-0B26E30FE7F4}.Release|x64.Build.0 = Release|x64
		{A78DCBC4-077B-4884-A7F4-D9AF70EDB538}.Debug|x64.ActiveCfg = Debug|x64
		{A78DCBC4-077B-4884-A7F4-D9AF70EDB538}.Debug|x64.Build.0 = Debug|x64
		{A78DCBC4-077B-4884-A7F4-D9AF70EDB538}.Release|x64.ActiveCfg = Release|x64
		{A78DCBC4-077B-4884-A7F4-D9AF70EDB538}.Release|x64.Build.0 = Release|x64
		{4CC86504-8DDD-3853-A402-F1E45D1924CB}.Debug|x64.ActiveCfg = Debug|x64
		{4CC86504-8DDD-3853-A402-F1E45D1924CB}.Debug|x64.Build.0 = Debug|x64
		{4CC86504-8DDD-3853-A402-F1E45D1924CB}.Release|x64.ActiveCfg = Release|x64
		{4CC86504-8DDD-3853-A402-F1E45D1924CB}.Release|x64.Build.0 = Release|x64
		{6D348A4E-8B40-4FB0-BB57-C982D51FFA01}.Debug|x64.ActiveCfg = Debug|x64
		{6D348A4E-8B40-4FB0-BB57-C982D51FFA01}.Debug|x64.Build.0 = Debug|x64
		{6D348A4E-8B40-4FB0-BB57-C982D51FFA01}.Release|x64.ActiveCfg = Release|x64
		{6D348A4E-8B40-4FB0-BB57-C982D51FFA01}.Release|x64.Build.0 = Release|x64
		{EEF5B49E-DBD1-4E1B-8B86-C5D64FCBAD38}.Debug|x64.ActiveCfg = Debug|x64
		{EEF5B49E-DBD1-4E1B-8B86-C5D64FCBAD38}.Debug|x64.Build.0 = Debug|x64
		{EEF5B49E-DBD1-4E1B-8B86-C5D64FCBAD38}.Release|x64.ActiveCfg = Release|x64
		{EEF5B49E-DBD1-4E1B-8B86-C5D64FCBAD38}.Release|x64.Build.0 = Release|x64
		{C04BA4EA-F719-456D-A332-6C3AF92D7BEA}.Debug|x64.ActiveCfg = Debug|x64
		{C04BA4EA-F719-456D-A332-6C3AF92D7BEA}.Debug|x64.Build.0 = Debug|x64
		{C04BA4EA-F719-456D-A332-6C3AF92D7BEA}.Release|x64.ActiveCfg = Release|x64
		{C04BA4EA-F719-456D-A332-6C3AF92D7BEA}.Release|x64.Build.0 = Release|x64
		{E745EB1A-070A-45ED-B8BD-D9F794E23CFA}.Debug|x64.ActiveCfg = Debug|x64
		{E745EB1A-070A-45ED-B8BD-D9F794E23CFA}.Debug|x64.Build.0 = Debug|x64
		{E745EB1A-070A-45ED-B8BD-D9F794E23CFA}.Release|x64.ActiveCfg = Release|x64
		{E745EB1A-070A-45ED-B8BD-D9F794E23CFA}.Release|x64.Build.0 = Release|x64
		{D169F06E-6607-4A9F-A075-2335717B9AB5}.Debug|x64.ActiveCfg = Debug|x64
		{D169F06E-6607-4A9F-A075-2335717B9AB5}.Debug|x64.Build.0 = Debug|x64
		{D169F06E-6607-4A9F-A075-2335717B9AB5}.Release|x64.ActiveCfg = Release|x64
		{D169F06E-6607-4A9F-A075-2335717B9AB5}.Release|x64.Build.0 = Release|x64
	EndGlobalSection
	GlobalSection(SolutionProperties) = preSolution
		HideSolutionNode = FALSE
	EndGlobalSection
	GlobalSection(NestedProjects) = preSolution
		{20536101-3B0E-43EF-94F9-080D595DAC57} = {9DDB109B-7348-4EB2-AA27-9AF389ECC74C}
		{E2DAB91A-8248-4625-8A85-2C2C2A390DD8} = {9DDB109B-7348-4EB2-AA27-9AF389ECC74C}
		{92BD50AA-04D6-4FBF-ACE1-468FAF6778F2} = {CD79144E-5327-4092-AFF3-ADBC722FC6BB}
		{0E4820D3-DBE3-477A-910B-7C020D6066D1} = {CD79144E-5327-4092-AFF3-ADBC722FC6BB}
		{FC3D65E7-B7CB-406E-B6C9-0B26E30FE7F4} = {CD79144E-5327-4092-AFF3-ADBC722FC6BB}
		{A78DCBC4-077B-4884-A7F4-D9AF70EDB538} = {9DDB109B-7348-4EB2-AA27-9AF389ECC74C}
		{4CC86504-8DDD-3853-A402-F1E45D1924CB} = {9DDB109B-7348-4EB2-AA27-9AF389ECC74C}
		{6D348A4E-8B40-4FB0-BB57-C982D51FFA01} = {32F3E5AC-7A8A-4D3F-9874-242BC83379FC}
		{32F3E5AC-7A8A-4D3F-9874-242BC83379FC} = {0C51E240-1BBB-4B5F-8D09-7A3B05029FCC}
		{9DDB109B-7348-4EB2-AA27-9AF389ECC74C} = {0C51E240-1BBB-4B5F-8D09-7A3B05029FCC}
		{CD79144E-5327-4092-AFF3-ADBC722FC6BB} = {0C51E240-1BBB-4B5F-8D09-7A3B05029FCC}
		{43B91379-0300-4058-94B5-5201E05F53D2} = {0C51E240-1BBB-4B5F-8D09-7A3B05029FCC}
		{EEF5B49E-DBD1-4E1B-8B86-C5D64FCBAD38} = {43B91379-0300-4058-94B5-5201E05F53D2}
		{C04BA4EA-F719-456D-A332-6C3AF92D7BEA} = {43B91379-0300-4058-94B5-5201E05F53D2}
		{E745EB1A-070A-45ED-B8BD-D9F794E23CFA} = {32F3E5AC-7A8A-4D3F-9874-242BC83379FC}
		{D169F06E-6607-4A9F-A075-2335717B9AB5} = {43B91379-0300-4058-94B5-5201E05F53D2}
	EndGlobalSection
	GlobalSection(ExtensibilityGlobals) = postSolution
		SolutionGuid = {256307E8-5548-4743-B70D-7B688542AC77}
	EndGlobalSection
EndGlobal
